// !$*UTF8*$!
{
	archiveVersion = 1;
	classes = {
	};
	objectVersion = 46;
	objects = {

/* Begin PBXBuildFile section */
		872A4B011F0F72B30094510C /* AppDelegate.swift in Sources */ = {isa = PBXBuildFile; fileRef = 872A4B001F0F72B30094510C /* AppDelegate.swift */; };
		872A4B061F0F72B30094510C /* Main.storyboard in Resources */ = {isa = PBXBuildFile; fileRef = 872A4B041F0F72B30094510C /* Main.storyboard */; };
		872A4B081F0F72B30094510C /* Assets.xcassets in Resources */ = {isa = PBXBuildFile; fileRef = 872A4B071F0F72B30094510C /* Assets.xcassets */; };
		872A4B0B1F0F72B30094510C /* LaunchScreen.storyboard in Resources */ = {isa = PBXBuildFile; fileRef = 872A4B091F0F72B30094510C /* LaunchScreen.storyboard */; };
		872A4B131F0F734A0094510C /* RestaurantTableViewController.swift in Sources */ = {isa = PBXBuildFile; fileRef = 872A4B121F0F734A0094510C /* RestaurantTableViewController.swift */; };
		872A4B151F0F7EFE0094510C /* RestaurantTableViewCell.swift in Sources */ = {isa = PBXBuildFile; fileRef = 872A4B141F0F7EFE0094510C /* RestaurantTableViewCell.swift */; };
/* End PBXBuildFile section */

/* Begin PBXFileReference section */
		872A4AFD1F0F72B30094510C /* FoodPin.app */ = {isa = PBXFileReference; explicitFileType = wrapper.application; includeInIndex = 0; path = FoodPin.app; sourceTree = BUILT_PRODUCTS_DIR; };
		872A4B001F0F72B30094510C /* AppDelegate.swift */ = {isa = PBXFileReference; lastKnownFileType = sourcecode.swift; path = AppDelegate.swift; sourceTree = "<group>"; };
		872A4B051F0F72B30094510C /* Base */ = {isa = PBXFileReference; lastKnownFileType = file.storyboard; name = Base; path = Base.lproj/Main.storyboard; sourceTree = "<group>"; };
		872A4B071F0F72B30094510C /* Assets.xcassets */ = {isa = PBXFileReference; lastKnownFileType = folder.assetcatalog; path = Assets.xcassets; sourceTree = "<group>"; };
		872A4B0A1F0F72B30094510C /* Base */ = {isa = PBXFileReference; lastKnownFileType = file.storyboard; name = Base; path = Base.lproj/LaunchScreen.storyboard; sourceTree = "<group>"; };
		872A4B0C1F0F72B30094510C /* Info.plist */ = {isa = PBXFileReference; lastKnownFileType = text.plist.xml; path = Info.plist; sourceTree = "<group>"; };
		872A4B121F0F734A0094510C /* RestaurantTableViewController.swift */ = {isa = PBXFileReference; fileEncoding = 4; lastKnownFileType = sourcecode.swift; path = RestaurantTableViewController.swift; sourceTree = "<group>"; };
		872A4B141F0F7EFE0094510C /* RestaurantTableViewCell.swift */ = {isa = PBXFileReference; fileEncoding = 4; lastKnownFileType = sourcecode.swift; path = RestaurantTableViewCell.swift; sourceTree = "<group>"; };
/* End PBXFileReference section */

/* Begin PBXFrameworksBuildPhase section */
		872A4AFA1F0F72B30094510C /* Frameworks */ = {
			isa = PBXFrameworksBuildPhase;
			buildActionMask = 2147483647;
			files = (
			);
			runOnlyForDeploymentPostprocessing = 0;
		};
/* End PBXFrameworksBuildPhase section */

/* Begin PBXGroup section */
		872A4AF41F0F72B30094510C = {
			isa = PBXGroup;
			children = (
				872A4AFF1F0F72B30094510C /* FoodPin */,
				872A4AFE1F0F72B30094510C /* Products */,
			);
			sourceTree = "<group>";
		};
		872A4AFE1F0F72B30094510C /* Products */ = {
			isa = PBXGroup;
			children = (
				872A4AFD1F0F72B30094510C /* FoodPin.app */,
			);
			name = Products;
			sourceTree = "<group>";
		};
		872A4AFF1F0F72B30094510C /* FoodPin */ = {
			isa = PBXGroup;
			children = (
				872A4B001F0F72B30094510C /* AppDelegate.swift */,
				872A4B121F0F734A0094510C /* RestaurantTableViewController.swift */,
				872A4B141F0F7EFE0094510C /* RestaurantTableViewCell.swift */,
				872A4B041F0F72B30094510C /* Main.storyboard */,
				872A4B071F0F72B30094510C /* Assets.xcassets */,
				872A4B091F0F72B30094510C /* LaunchScreen.storyboard */,
				872A4B0C1F0F72B30094510C /* Info.plist */,
			);
			path = FoodPin;
			sourceTree = "<group>";
		};
/* End PBXGroup section */

/* Begin PBXNativeTarget section */
		872A4AFC1F0F72B30094510C /* FoodPin */ = {
			isa = PBXNativeTarget;
			buildConfigurationList = 872A4B0F1F0F72B30094510C /* Build configuration list for PBXNativeTarget "FoodPin" */;
			buildPhases = (
				872A4AF91F0F72B30094510C /* Sources */,
				872A4AFA1F0F72B30094510C /* Frameworks */,
				872A4AFB1F0F72B30094510C /* Resources */,
			);
			buildRules = (
			);
			dependencies = (
			);
			name = FoodPin;
			productName = FoodPin;
			productReference = 872A4AFD1F0F72B30094510C /* FoodPin.app */;
			productType = "com.apple.product-type.application";
		};
/* End PBXNativeTarget section */

/* Begin PBXProject section */
		872A4AF51F0F72B30094510C /* Project object */ = {
			isa = PBXProject;
			attributes = {
				LastSwiftUpdateCheck = 0820;
				LastUpgradeCheck = 0820;
				ORGANIZATIONNAME = "陳維漢";
				TargetAttributes = {
					872A4AFC1F0F72B30094510C = {
						CreatedOnToolsVersion = 8.2.1;
						DevelopmentTeam = XKSUF3VMJL;
						ProvisioningStyle = Automatic;
					};
				};
			};
			buildConfigurationList = 872A4AF81F0F72B30094510C /* Build configuration list for PBXProject "FoodPin" */;
			compatibilityVersion = "Xcode 3.2";
			developmentRegion = English;
			hasScannedForEncodings = 0;
			knownRegions = (
				en,
				Base,
			);
			mainGroup = 872A4AF41F0F72B30094510C;
			productRefGroup = 872A4AFE1F0F72B30094510C /* Products */;
			projectDirPath = "";
			projectRoot = "";
			targets = (
				872A4AFC1F0F72B30094510C /* FoodPin */,
			);
		};
/* End PBXProject section */

/* Begin PBXResourcesBuildPhase section */
		872A4AFB1F0F72B30094510C /* Resources */ = {
			isa = PBXResourcesBuildPhase;
			buildActionMask = 2147483647;
			files = (
				872A4B0B1F0F72B30094510C /* LaunchScreen.storyboard in Resources */,
				872A4B081F0F72B30094510C /* Assets.xcassets in Resources */,
				872A4B061F0F72B30094510C /* Main.storyboard in Resources */,
			);
			runOnlyForDeploymentPostprocessing = 0;
		};
/* End PBXResourcesBuildPhase section */

/* Begin PBXSourcesBuildPhase section */
		872A4AF91F0F72B30094510C /* Sources */ = {
			isa = PBXSourcesBuildPhase;
			buildActionMask = 2147483647;
			files = (
				872A4B131F0F734A0094510C /* RestaurantTableViewController.swift in Sources */,
				872A4B151F0F7EFE0094510C /* RestaurantTableViewCell.swift in Sources */,
				872A4B011F0F72B30094510C /* AppDelegate.swift in Sources */,
			);
			runOnlyForDeploymentPostprocessing = 0;
		};
/* End PBXSourcesBuildPhase section */

/* Begin PBXVariantGroup section */
		872A4B041F0F72B30094510C /* Main.storyboard */ = {
			isa = PBXVariantGroup;
			children = (
				872A4B051F0F72B30094510C /* Base */,
			);
			name = Main.storyboard;
			sourceTree = "<group>";
		};
		872A4B091F0F72B30094510C /* LaunchScreen.storyboard */ = {
			isa = PBXVariantGroup;
			children = (
				872A4B0A1F0F72B30094510C /* Base */,
			);
			name = LaunchScreen.storyboard;
			sourceTree = "<group>";
		};
/* End PBXVariantGroup section */

/* Begin XCBuildConfiguration section */
		872A4B0D1F0F72B30094510C /* Debug */ = {
			isa = XCBuildConfiguration;
			buildSettings = {
				ALWAYS_SEARCH_USER_PATHS = NO;
				CLANG_ANALYZER_NONNULL = YES;
				CLANG_CXX_LANGUAGE_STANDARD = "gnu++0x";
				CLANG_CXX_LIBRARY = "libc++";
				CLANG_ENABLE_MODULES = YES;
				CLANG_ENABLE_OBJC_ARC = YES;
				CLANG_WARN_BOOL_CONVERSION = YES;
				CLANG_WARN_CONSTANT_CONVERSION = YES;
				CLANG_WARN_DIRECT_OBJC_ISA_USAGE = YES_ERROR;
				CLANG_WARN_DOCUMENTATION_COMMENTS = YES;
				CLANG_WARN_EMPTY_BODY = YES;
				CLANG_WARN_ENUM_CONVERSION = YES;
				CLANG_WARN_INFINITE_RECURSION = YES;
				CLANG_WARN_INT_CONVERSION = YES;
				CLANG_WARN_OBJC_ROOT_CLASS = YES_ERROR;
				CLANG_WARN_SUSPICIOUS_MOVE = YES;
				CLANG_WARN_UNREACHABLE_CODE = YES;
				CLANG_WARN__DUPLICATE_METHOD_MATCH = YES;
				"CODE_SIGN_IDENTITY[sdk=iphoneos*]" = "iPhone Developer";
				COPY_PHASE_STRIP = NO;
				DEBUG_INFORMATION_FORMAT = dwarf;
				ENABLE_STRICT_OBJC_MSGSEND = YES;
				ENABLE_TESTABILITY = YES;
				GCC_C_LANGUAGE_STANDARD = gnu99;
				GCC_DYNAMIC_NO_PIC = NO;
				GCC_NO_COMMON_BLOCKS = YES;
				GCC_OPTIMIZATION_LEVEL = 0;
				GCC_PREPROCESSOR_DEFINITIONS = (
					"DEBUG=1",
					"$(inherited)",
				);
				GCC_WARN_64_TO_32_BIT_CONVERSION = YES;
				GCC_WARN_ABOUT_RETURN_TYPE = YES_ERROR;
				GCC_WARN_UNDECLARED_SELECTOR = YES;
				GCC_WARN_UNINITIALIZED_AUTOS = YES_AGGRESSIVE;
				GCC_WARN_UNUSED_FUNCTION = YES;
				GCC_WARN_UNUSED_VARIABLE = YES;
				IPHONEOS_DEPLOYMENT_TARGET = 10.2;
				MTL_ENABLE_DEBUG_INFO = YES;
				ONLY_ACTIVE_ARCH = YES;
				SDKROOT = iphoneos;
				SWIFT_ACTIVE_COMPILATION_CONDITIONS = DEBUG;
				SWIFT_OPTIMIZATION_LEVEL = "-Onone";
			};
			name = Debug;
		};
		872A4B0E1F0F72B30094510C /* Release */ = {
			isa = XCBuildConfiguration;
			buildSettings = {
				ALWAYS_SEARCH_USER_PATHS = NO;
				CLANG_ANALYZER_NONNULL = YES;
				CLANG_CXX_LANGUAGE_STANDARD = "gnu++0x";
				CLANG_CXX_LIBRARY = "libc++";
				CLANG_ENABLE_MODULES = YES;
				CLANG_ENABLE_OBJC_ARC = YES;
				CLANG_WARN_BOOL_CONVERSION = YES;
				CLANG_WARN_CONSTANT_CONVERSION = YES;
				CLANG_WARN_DIRECT_OBJC_ISA_USAGE = YES_ERROR;
				CLANG_WARN_DOCUMENTATION_COMMENTS = YES;
				CLANG_WARN_EMPTY_BODY = YES;
				CLANG_WARN_ENUM_CONVERSION = YES;
				CLANG_WARN_INFINITE_RECURSION = YES;
				CLANG_WARN_INT_CONVERSION = YES;
				CLANG_WARN_OBJC_ROOT_CLASS = YES_ERROR;
				CLANG_WARN_SUSPICIOUS_MOVE = YES;
				CLANG_WARN_UNREACHABLE_CODE = YES;
				CLANG_WARN__DUPLICATE_METHOD_MATCH = YES;
				"CODE_SIGN_IDENTITY[sdk=iphoneos*]" = "iPhone Developer";
				COPY_PHASE_STRIP = NO;
				DEBUG_INFORMATION_FORMAT = "dwarf-with-dsym";
				ENABLE_NS_ASSERTIONS = NO;
				ENABLE_STRICT_OBJC_MSGSEND = YES;
				GCC_C_LANGUAGE_STANDARD = gnu99;
				GCC_NO_COMMON_BLOCKS = YES;
				GCC_WARN_64_TO_32_BIT_CONVERSION = YES;
				GCC_WARN_ABOUT_RETURN_TYPE = YES_ERROR;
				GCC_WARN_UNDECLARED_SELECTOR = YES;
				GCC_WARN_UNINITIALIZED_AUTOS = YES_AGGRESSIVE;
				GCC_WARN_UNUSED_FUNCTION = YES;
				GCC_WARN_UNUSED_VARIABLE = YES;
				IPHONEOS_DEPLOYMENT_TARGET = 10.2;
				MTL_ENABLE_DEBUG_INFO = NO;
				SDKROOT = iphoneos;
				SWIFT_OPTIMIZATION_LEVEL = "-Owholemodule";
				VALIDATE_PRODUCT = YES;
			};
			name = Release;
		};
		872A4B101F0F72B30094510C /* Debug */ = {
			isa = XCBuildConfiguration;
			buildSettings = {
				ASSETCATALOG_COMPILER_APPICON_NAME = AppIcon;
				DEVELOPMENT_TEAM = XKSUF3VMJL;
				INFOPLIST_FILE = FoodPin/Info.plist;
				LD_RUNPATH_SEARCH_PATHS = "$(inherited) @executable_path/Frameworks";
				PRODUCT_BUNDLE_IDENTIFIER = dev.kingchenkong.FoodPin;
				PRODUCT_NAME = "$(TARGET_NAME)";
				SWIFT_VERSION = 3.0;
			};
			name = Debug;
		};
		872A4B111F0F72B30094510C /* Release */ = {
			isa = XCBuildConfiguration;
			buildSettings = {
				ASSETCATALOG_COMPILER_APPICON_NAME = AppIcon;
				DEVELOPMENT_TEAM = XKSUF3VMJL;
				INFOPLIST_FILE = FoodPin/Info.plist;
				LD_RUNPATH_SEARCH_PATHS = "$(inherited) @executable_path/Frameworks";
				PRODUCT_BUNDLE_IDENTIFIER = dev.kingchenkong.FoodPin;
				PRODUCT_NAME = "$(TARGET_NAME)";
				SWIFT_VERSION = 3.0;
			};
			name = Release;
		};
/* End XCBuildConfiguration section */

/* Begin XCConfigurationList section */
		872A4AF81F0F72B30094510C /* Build configuration list for PBXProject "FoodPin" */ = {
			isa = XCConfigurationList;
			buildConfigurations = (
				872A4B0D1F0F72B30094510C /* Debug */,
				872A4B0E1F0F72B30094510C /* Release */,
			);
			defaultConfigurationIsVisible = 0;
			defaultConfigurationName = Release;
		};
		872A4B0F1F0F72B30094510C /* Build configuration list for PBXNativeTarget "FoodPin" */ = {
			isa = XCConfigurationList;
			buildConfigurations = (
				872A4B101F0F72B30094510C /* Debug */,
				872A4B111F0F72B30094510C /* Release */,
			);
			defaultConfigurationIsVisible = 0;
		};
/* End XCConfigurationList section */
	};
	rootObject = 872A4AF51F0F72B30094510C /* Project object */;
}
